
Microsoft Visual Studio Solution File, Format Version 12.00
# Visual Studio Version 16
VisualStudioVersion = 16.0.30330.147
MinimumVisualStudioVersion = 10.0.40219.1
Project("{9A19103F-16F7-4668-BE54-9A1E7A4F7556}") = "Задача1", "Задача1\Задача1.csproj", "{B7AFB1BC-E566-4B66-94C4-533C778C9EE9}"
EndProject
Project("{FAE04EC0-301F-11D3-BF4B-00C04F79EFBC}") = "Задача2", "Задача2\Задача2.csproj", "{DDB74E93-0D75-4D2C-BFB8-D38467DFDA2B}"
EndProject
Global
	GlobalSection(SolutionConfigurationPlatforms) = preSolution
		Debug|Any CPU = Debug|Any CPU
		Release|Any CPU = Release|Any CPU
	EndGlobalSection
	GlobalSection(ProjectConfigurationPlatforms) = postSolution
		{B7AFB1BC-E566-4B66-94C4-533C778C9EE9}.Debug|Any CPU.ActiveCfg = Debug|Any CPU
		{B7AFB1BC-E566-4B66-94C4-533C778C9EE9}.Debug|Any CPU.Build.0 = Debug|Any CPU
		{B7AFB1BC-E566-4B66-94C4-533C778C9EE9}.Release|Any CPU.ActiveCfg = Release|Any CPU
		{B7AFB1BC-E566-4B66-94C4-533C778C9EE9}.Release|Any CPU.Build.0 = Release|Any CPU
		{DDB74E93-0D75-4D2C-BFB8-D38467DFDA2B}.Debug|Any CPU.ActiveCfg = Debug|Any CPU
		{DDB74E93-0D75-4D2C-BFB8-D38467DFDA2B}.Debug|Any CPU.Build.0 = Debug|Any CPU
		{DDB74E93-0D75-4D2C-BFB8-D38467DFDA2B}.Release|Any CPU.ActiveCfg = Release|Any CPU
		{DDB74E93-0D75-4D2C-BFB8-D38467DFDA2B}.Release|Any CPU.Build.0 = Release|Any CPU
	EndGlobalSection
	GlobalSection(SolutionProperties) = preSolution
		HideSolutionNode = FALSE
	EndGlobalSection
	GlobalSection(ExtensibilityGlobals) = postSolution
		SolutionGuid = {107595C9-C1F5-44C0-8026-E5948D280672}
	EndGlobalSection
EndGlobal
